
Microsoft Visual Studio Solution File, Format Version 12.00
# Visual Studio Version 16
VisualStudioVersion = 16.0.29709.97
MinimumVisualStudioVersion = 10.0.40219.1
Project("{888888A0-9F3D-457C-B088-3A5042F75D52}") = "Tax Application", "Tax Application.pyproj", "{B026B26C-FA3F-466A-A456-C52B0E0EB3F5}"
EndProject
Global
	GlobalSection(SolutionConfigurationPlatforms) = preSolution
		Debug|Any CPU = Debug|Any CPU
		Release|Any CPU = Release|Any CPU
	EndGlobalSection
	GlobalSection(ProjectConfigurationPlatforms) = postSolution
		{B026B26C-FA3F-466A-A456-C52B0E0EB3F5}.Debug|Any CPU.ActiveCfg = Debug|Any CPU
		{B026B26C-FA3F-466A-A456-C52B0E0EB3F5}.Release|Any CPU.ActiveCfg = Release|Any CPU
	EndGlobalSection
	GlobalSection(SolutionProperties) = preSolution
		HideSolutionNode = FALSE
	EndGlobalSection
	GlobalSection(ExtensibilityGlobals) = postSolution
		SolutionGuid = {B1D2AF54-DC4D-407F-8D01-A002CEFDDC63}
	EndGlobalSection
EndGlobal
